# This file is automatically @generated by Cargo.
# It is not intended for manual editing.
[[package]]
name = "lox"
version = "0.1.0"
dependencies = [
 "scanlex 0.1.4 (registry+https://github.com/rust-lang/crates.io-index)",
]

[[package]]
name = "scanlex"
version = "0.1.4"
source = "registry+https://github.com/rust-lang/crates.io-index"

[metadata]
"checksum scanlex 0.1.4 (registry+https://github.com/rust-lang/crates.io-index)" = "088c5d71572124929ea7549a8ce98e1a6fd33d0a38367b09027b382e67c033db"
